
Microsoft Visual Studio Solution File, Format Version 12.00
# Visual Studio 15
VisualStudioVersion = 15.0.26228.9
MinimumVisualStudioVersion = 10.0.40219.1
Project("{FAE04EC0-301F-11D3-BF4B-00C04F79EFBC}") = "MRNUIElements", "MRNUIElements\MRNUIElements.csproj", "{3F5E7A14-CFBD-45E8-90EF-B128D0A7EF60}"
	ProjectSection(ProjectDependencies) = postProject
		{5BFC4D4B-8FBC-4FDA-A4EB-88B69987B3B9} = {5BFC4D4B-8FBC-4FDA-A4EB-88B69987B3B9}
	EndProjectSection
EndProject
Project("{FAE04EC0-301F-11D3-BF4B-00C04F79EFBC}") = "MRNNexus_Model", "MRNNexus_Model\MRNNexus_Model.csproj", "{5BFC4D4B-8FBC-4FDA-A4EB-88B69987B3B9}"
EndProject
Project("{FAE04EC0-301F-11D3-BF4B-00C04F79EFBC}") = "MRN Claim Services", "MRN Claim Services\MRN Claim Services.csproj", "{1833BED9-A376-490F-9D67-E09A9E40B5C6}"
EndProject
Project("{FAE04EC0-301F-11D3-BF4B-00C04F79EFBC}") = "MRNNexus.WPFClient", "..\..\Downloads\MRNNexus-master\MRNNexus-master\MRNNexus.WPFClient\MRNNexus.WPFClient.csproj", "{DAB57B3C-C978-416B-A60E-E02A0596D656}"
EndProject
Global
	GlobalSection(SolutionConfigurationPlatforms) = preSolution
		Debug|Any CPU = Debug|Any CPU
		Debug|x64 = Debug|x64
		Debug|x86 = Debug|x86
		Release|Any CPU = Release|Any CPU
		Release|x64 = Release|x64
		Release|x86 = Release|x86
	EndGlobalSection
	GlobalSection(ProjectConfigurationPlatforms) = postSolution
		{3F5E7A14-CFBD-45E8-90EF-B128D0A7EF60}.Debug|Any CPU.ActiveCfg = Debug|Any CPU
		{3F5E7A14-CFBD-45E8-90EF-B128D0A7EF60}.Debug|Any CPU.Build.0 = Debug|Any CPU
		{3F5E7A14-CFBD-45E8-90EF-B128D0A7EF60}.Debug|x64.ActiveCfg = Debug|x64
		{3F5E7A14-CFBD-45E8-90EF-B128D0A7EF60}.Debug|x64.Build.0 = Debug|x64
		{3F5E7A14-CFBD-45E8-90EF-B128D0A7EF60}.Debug|x86.ActiveCfg = Debug|Any CPU
		{3F5E7A14-CFBD-45E8-90EF-B128D0A7EF60}.Debug|x86.Build.0 = Debug|Any CPU
		{3F5E7A14-CFBD-45E8-90EF-B128D0A7EF60}.Release|Any CPU.ActiveCfg = Release|Any CPU
		{3F5E7A14-CFBD-45E8-90EF-B128D0A7EF60}.Release|Any CPU.Build.0 = Release|Any CPU
		{3F5E7A14-CFBD-45E8-90EF-B128D0A7EF60}.Release|x64.ActiveCfg = Release|x64
		{3F5E7A14-CFBD-45E8-90EF-B128D0A7EF60}.Release|x64.Build.0 = Release|x64
		{3F5E7A14-CFBD-45E8-90EF-B128D0A7EF60}.Release|x86.ActiveCfg = Release|x86
		{3F5E7A14-CFBD-45E8-90EF-B128D0A7EF60}.Release|x86.Build.0 = Release|x86
		{5BFC4D4B-8FBC-4FDA-A4EB-88B69987B3B9}.Debug|Any CPU.ActiveCfg = Debug|Any CPU
		{5BFC4D4B-8FBC-4FDA-A4EB-88B69987B3B9}.Debug|Any CPU.Build.0 = Debug|Any CPU
		{5BFC4D4B-8FBC-4FDA-A4EB-88B69987B3B9}.Debug|x64.ActiveCfg = Debug|x64
		{5BFC4D4B-8FBC-4FDA-A4EB-88B69987B3B9}.Debug|x64.Build.0 = Debug|x64
		{5BFC4D4B-8FBC-4FDA-A4EB-88B69987B3B9}.Debug|x64.Deploy.0 = Debug|x64
		{5BFC4D4B-8FBC-4FDA-A4EB-88B69987B3B9}.Debug|x86.ActiveCfg = Debug|Any CPU
		{5BFC4D4B-8FBC-4FDA-A4EB-88B69987B3B9}.Debug|x86.Build.0 = Debug|Any CPU
		{5BFC4D4B-8FBC-4FDA-A4EB-88B69987B3B9}.Release|Any CPU.ActiveCfg = Release|Any CPU
		{5BFC4D4B-8FBC-4FDA-A4EB-88B69987B3B9}.Release|Any CPU.Build.0 = Release|Any CPU
		{5BFC4D4B-8FBC-4FDA-A4EB-88B69987B3B9}.Release|x64.ActiveCfg = Release|x64
		{5BFC4D4B-8FBC-4FDA-A4EB-88B69987B3B9}.Release|x64.Build.0 = Release|x64
		{5BFC4D4B-8FBC-4FDA-A4EB-88B69987B3B9}.Release|x86.ActiveCfg = Release|Any CPU
		{5BFC4D4B-8FBC-4FDA-A4EB-88B69987B3B9}.Release|x86.Build.0 = Release|Any CPU
		{1833BED9-A376-490F-9D67-E09A9E40B5C6}.Debug|Any CPU.ActiveCfg = Debug|Any CPU
		{1833BED9-A376-490F-9D67-E09A9E40B5C6}.Debug|Any CPU.Build.0 = Debug|Any CPU
		{1833BED9-A376-490F-9D67-E09A9E40B5C6}.Debug|x64.ActiveCfg = Debug|Any CPU
		{1833BED9-A376-490F-9D67-E09A9E40B5C6}.Debug|x64.Build.0 = Debug|Any CPU
		{1833BED9-A376-490F-9D67-E09A9E40B5C6}.Debug|x86.ActiveCfg = Debug|Any CPU
		{1833BED9-A376-490F-9D67-E09A9E40B5C6}.Debug|x86.Build.0 = Debug|Any CPU
		{1833BED9-A376-490F-9D67-E09A9E40B5C6}.Release|Any CPU.ActiveCfg = Release|Any CPU
		{1833BED9-A376-490F-9D67-E09A9E40B5C6}.Release|Any CPU.Build.0 = Release|Any CPU
		{1833BED9-A376-490F-9D67-E09A9E40B5C6}.Release|x64.ActiveCfg = Release|Any CPU
		{1833BED9-A376-490F-9D67-E09A9E40B5C6}.Release|x64.Build.0 = Release|Any CPU
		{1833BED9-A376-490F-9D67-E09A9E40B5C6}.Release|x86.ActiveCfg = Release|Any CPU
		{1833BED9-A376-490F-9D67-E09A9E40B5C6}.Release|x86.Build.0 = Release|Any CPU
		{DAB57B3C-C978-416B-A60E-E02A0596D656}.Debug|Any CPU.ActiveCfg = Debug|Any CPU
		{DAB57B3C-C978-416B-A60E-E02A0596D656}.Debug|Any CPU.Build.0 = Debug|Any CPU
		{DAB57B3C-C978-416B-A60E-E02A0596D656}.Debug|x64.ActiveCfg = Debug|Any CPU
		{DAB57B3C-C978-416B-A60E-E02A0596D656}.Debug|x64.Build.0 = Debug|Any CPU
		{DAB57B3C-C978-416B-A60E-E02A0596D656}.Debug|x86.ActiveCfg = Debug|Any CPU
		{DAB57B3C-C978-416B-A60E-E02A0596D656}.Debug|x86.Build.0 = Debug|Any CPU
		{DAB57B3C-C978-416B-A60E-E02A0596D656}.Release|Any CPU.ActiveCfg = Release|Any CPU
		{DAB57B3C-C978-416B-A60E-E02A0596D656}.Release|Any CPU.Build.0 = Release|Any CPU
		{DAB57B3C-C978-416B-A60E-E02A0596D656}.Release|x64.ActiveCfg = Release|Any CPU
		{DAB57B3C-C978-416B-A60E-E02A0596D656}.Release|x64.Build.0 = Release|Any CPU
		{DAB57B3C-C978-416B-A60E-E02A0596D656}.Release|x86.ActiveCfg = Release|Any CPU
		{DAB57B3C-C978-416B-A60E-E02A0596D656}.Release|x86.Build.0 = Release|Any CPU
	EndGlobalSection
	GlobalSection(SolutionProperties) = preSolution
		HideSolutionNode = FALSE
	EndGlobalSection
EndGlobal
